// !$*UTF8*$!
{
	archiveVersion = 1;
	classes = {
	};
	objectVersion = 46;
	objects = {

/* Begin PBXBuildFile section */
		FA1692C81C2993CC00E1FCD4 /* PlaylistSongsViewController.m in Sources */ = {isa = PBXBuildFile; fileRef = FA1692C71C2993CC00E1FCD4 /* PlaylistSongsViewController.m */; };
		FA1FC6D81BDE688600FCEE65 /* AlbumsViewController.m in Sources */ = {isa = PBXBuildFile; fileRef = FA1FC6D71BDE688600FCEE65 /* AlbumsViewController.m */; };
		FA1FC6E11BDFB4B800FCEE65 /* AlbumInfoCell.m in Sources */ = {isa = PBXBuildFile; fileRef = FA1FC6E01BDFB4B800FCEE65 /* AlbumInfoCell.m */; };
		FA1FC6E41BDFB6A300FCEE65 /* AlbumSongsViewController.m in Sources */ = {isa = PBXBuildFile; fileRef = FA1FC6E31BDFB6A300FCEE65 /* AlbumSongsViewController.m */; };
		FA8A3D791C19A9DA00C1D7F2 /* Model.xcdatamodeld in Sources */ = {isa = PBXBuildFile; fileRef = FA8A3D771C19A9DA00C1D7F2 /* Model.xcdatamodeld */; };
		FA8A3D821C1AE56C00C1D7F2 /* Playlist+CoreDataProperties.m in Sources */ = {isa = PBXBuildFile; fileRef = FA8A3D7B1C1AE56C00C1D7F2 /* Playlist+CoreDataProperties.m */; };
		FA8A3D831C1AE56C00C1D7F2 /* Playlist.m in Sources */ = {isa = PBXBuildFile; fileRef = FA8A3D7D1C1AE56C00C1D7F2 /* Playlist.m */; };
		FA8A3D841C1AE56C00C1D7F2 /* PlaylistTracks+CoreDataProperties.m in Sources */ = {isa = PBXBuildFile; fileRef = FA8A3D7F1C1AE56C00C1D7F2 /* PlaylistTracks+CoreDataProperties.m */; };
		FA8A3D851C1AE56C00C1D7F2 /* PlaylistTracks.m in Sources */ = {isa = PBXBuildFile; fileRef = FA8A3D811C1AE56C00C1D7F2 /* PlaylistTracks.m */; };
		FAA390571C282EEB00EFAE19 /* PlaylistSelectionViewController.m in Sources */ = {isa = PBXBuildFile; fileRef = FAA390561C282EEB00EFAE19 /* PlaylistSelectionViewController.m */; };
		FAD057601BDA1F7F00488444 /* main.m in Sources */ = {isa = PBXBuildFile; fileRef = FAD0575F1BDA1F7F00488444 /* main.m */; };
		FAD057631BDA1F7F00488444 /* AppDelegate.m in Sources */ = {isa = PBXBuildFile; fileRef = FAD057621BDA1F7F00488444 /* AppDelegate.m */; };
		FAD057661BDA1F7F00488444 /* Virtuoso.xcdatamodeld in Sources */ = {isa = PBXBuildFile; fileRef = FAD057641BDA1F7F00488444 /* Virtuoso.xcdatamodeld */; };
		FAD057691BDA1F7F00488444 /* ViewController.m in Sources */ = {isa = PBXBuildFile; fileRef = FAD057681BDA1F7F00488444 /* ViewController.m */; };
		FAD0576C1BDA1F7F00488444 /* Main.storyboard in Resources */ = {isa = PBXBuildFile; fileRef = FAD0576A1BDA1F7F00488444 /* Main.storyboard */; };
		FAD0576E1BDA1F7F00488444 /* Images.xcassets in Resources */ = {isa = PBXBuildFile; fileRef = FAD0576D1BDA1F7F00488444 /* Images.xcassets */; };
		FAD057711BDA1F7F00488444 /* LaunchScreen.xib in Resources */ = {isa = PBXBuildFile; fileRef = FAD0576F1BDA1F7F00488444 /* LaunchScreen.xib */; };
		FAD0577D1BDA1F7F00488444 /* VirtuosoTests.m in Sources */ = {isa = PBXBuildFile; fileRef = FAD0577C1BDA1F7F00488444 /* VirtuosoTests.m */; };
		FAD057871BDA2FE200488444 /* MediaPlayer.framework in Frameworks */ = {isa = PBXBuildFile; fileRef = FAD057861BDA2FE200488444 /* MediaPlayer.framework */; };
		FAD0578A1BDA4F1D00488444 /* MusicViewController.m in Sources */ = {isa = PBXBuildFile; fileRef = FAD057891BDA4F1D00488444 /* MusicViewController.m */; };
		FAD0578D1BDA568D00488444 /* SongsViewController.m in Sources */ = {isa = PBXBuildFile; fileRef = FAD0578C1BDA568D00488444 /* SongsViewController.m */; };
		FAEE496C1BE39EF8006ED818 /* NowPlayingViewController.m in Sources */ = {isa = PBXBuildFile; fileRef = FAEE496B1BE39EF8006ED818 /* NowPlayingViewController.m */; };
		FAF417421C0C9C6600E88DE3 /* PlaybackDurationToStringConverter.m in Sources */ = {isa = PBXBuildFile; fileRef = FAF417411C0C9C6600E88DE3 /* PlaybackDurationToStringConverter.m */; };
		FAF417451C0DC0D100E88DE3 /* YTResultsViewController.m in Sources */ = {isa = PBXBuildFile; fileRef = FAF417441C0DC0D100E88DE3 /* YTResultsViewController.m */; };
		FAF4176D1C0DC95B00E88DE3 /* AFHTTPRequestOperation.m in Sources */ = {isa = PBXBuildFile; fileRef = FAF417481C0DC95B00E88DE3 /* AFHTTPRequestOperation.m */; };
		FAF4176E1C0DC95B00E88DE3 /* AFHTTPRequestOperationManager.m in Sources */ = {isa = PBXBuildFile; fileRef = FAF4174A1C0DC95B00E88DE3 /* AFHTTPRequestOperationManager.m */; };
		FAF4176F1C0DC95B00E88DE3 /* AFHTTPSessionManager.m in Sources */ = {isa = PBXBuildFile; fileRef = FAF4174C1C0DC95B00E88DE3 /* AFHTTPSessionManager.m */; };
		FAF417701C0DC95B00E88DE3 /* AFNetworkReachabilityManager.m in Sources */ = {isa = PBXBuildFile; fileRef = FAF4174F1C0DC95B00E88DE3 /* AFNetworkReachabilityManager.m */; };
		FAF417711C0DC95B00E88DE3 /* AFSecurityPolicy.m in Sources */ = {isa = PBXBuildFile; fileRef = FAF417511C0DC95B00E88DE3 /* AFSecurityPolicy.m */; };
		FAF417721C0DC95B00E88DE3 /* AFURLConnectionOperation.m in Sources */ = {isa = PBXBuildFile; fileRef = FAF417531C0DC95B00E88DE3 /* AFURLConnectionOperation.m */; };
		FAF417731C0DC95B00E88DE3 /* AFURLRequestSerialization.m in Sources */ = {isa = PBXBuildFile; fileRef = FAF417551C0DC95B00E88DE3 /* AFURLRequestSerialization.m */; };
		FAF417741C0DC95B00E88DE3 /* AFURLResponseSerialization.m in Sources */ = {isa = PBXBuildFile; fileRef = FAF417571C0DC95B00E88DE3 /* AFURLResponseSerialization.m */; };
		FAF417751C0DC95B00E88DE3 /* AFURLSessionManager.m in Sources */ = {isa = PBXBuildFile; fileRef = FAF417591C0DC95B00E88DE3 /* AFURLSessionManager.m */; };
		FAF417761C0DC95B00E88DE3 /* AFNetworkActivityIndicatorManager.m in Sources */ = {isa = PBXBuildFile; fileRef = FAF4175C1C0DC95B00E88DE3 /* AFNetworkActivityIndicatorManager.m */; };
		FAF417771C0DC95B00E88DE3 /* UIActivityIndicatorView+AFNetworking.m in Sources */ = {isa = PBXBuildFile; fileRef = FAF4175E1C0DC95B00E88DE3 /* UIActivityIndicatorView+AFNetworking.m */; };
		FAF417781C0DC95B00E88DE3 /* UIAlertView+AFNetworking.m in Sources */ = {isa = PBXBuildFile; fileRef = FAF417601C0DC95B00E88DE3 /* UIAlertView+AFNetworking.m */; };
		FAF417791C0DC95B00E88DE3 /* UIButton+AFNetworking.m in Sources */ = {isa = PBXBuildFile; fileRef = FAF417621C0DC95B00E88DE3 /* UIButton+AFNetworking.m */; };
		FAF4177A1C0DC95B00E88DE3 /* UIImageView+AFNetworking.m in Sources */ = {isa = PBXBuildFile; fileRef = FAF417651C0DC95B00E88DE3 /* UIImageView+AFNetworking.m */; };
		FAF4177B1C0DC95B00E88DE3 /* UIProgressView+AFNetworking.m in Sources */ = {isa = PBXBuildFile; fileRef = FAF417681C0DC95B00E88DE3 /* UIProgressView+AFNetworking.m */; };
		FAF4177C1C0DC95B00E88DE3 /* UIRefreshControl+AFNetworking.m in Sources */ = {isa = PBXBuildFile; fileRef = FAF4176A1C0DC95B00E88DE3 /* UIRefreshControl+AFNetworking.m */; };
		FAF4177D1C0DC95B00E88DE3 /* UIWebView+AFNetworking.m in Sources */ = {isa = PBXBuildFile; fileRef = FAF4176C1C0DC95B00E88DE3 /* UIWebView+AFNetworking.m */; };
		FAF417821C0EE6A800E88DE3 /* YTPlayerView.m in Sources */ = {isa = PBXBuildFile; fileRef = FAF417801C0EE6A800E88DE3 /* YTPlayerView.m */; };
		FAF417841C0EEA1A00E88DE3 /* Assets.bundle in Resources */ = {isa = PBXBuildFile; fileRef = FAF417831C0EEA1A00E88DE3 /* Assets.bundle */; };
		FAF417871C0F125600E88DE3 /* YTPlayerViewController.m in Sources */ = {isa = PBXBuildFile; fileRef = FAF417861C0F125600E88DE3 /* YTPlayerViewController.m */; };
		FAFE07C31C1EFB7600D32D0F /* PlaylistsViewController.m in Sources */ = {isa = PBXBuildFile; fileRef = FAFE07C21C1EFB7600D32D0F /* PlaylistsViewController.m */; };
		FAFE07C61C24173900D32D0F /* SongTableViewCell.m in Sources */ = {isa = PBXBuildFile; fileRef = FAFE07C51C24173900D32D0F /* SongTableViewCell.m */; };
/* End PBXBuildFile section */

/* Begin PBXContainerItemProxy section */
		FAD057771BDA1F7F00488444 /* PBXContainerItemProxy */ = {
			isa = PBXContainerItemProxy;
			containerPortal = FAD057521BDA1F7F00488444 /* Project object */;
			proxyType = 1;
			remoteGlobalIDString = FAD057591BDA1F7F00488444;
			remoteInfo = Virtuoso;
		};
/* End PBXContainerItemProxy section */

/* Begin PBXFileReference section */
		FA1692C61C2993CC00E1FCD4 /* PlaylistSongsViewController.h */ = {isa = PBXFileReference; fileEncoding = 4; lastKnownFileType = sourcecode.c.h; path = PlaylistSongsViewController.h; sourceTree = "<group>"; };
		FA1692C71C2993CC00E1FCD4 /* PlaylistSongsViewController.m */ = {isa = PBXFileReference; fileEncoding = 4; lastKnownFileType = sourcecode.c.objc; path = PlaylistSongsViewController.m; sourceTree = "<group>"; };
		FA1FC6D61BDE688600FCEE65 /* AlbumsViewController.h */ = {isa = PBXFileReference; fileEncoding = 4; lastKnownFileType = sourcecode.c.h; path = AlbumsViewController.h; sourceTree = "<group>"; };
		FA1FC6D71BDE688600FCEE65 /* AlbumsViewController.m */ = {isa = PBXFileReference; fileEncoding = 4; lastKnownFileType = sourcecode.c.objc; path = AlbumsViewController.m; sourceTree = "<group>"; };
		FA1FC6DF1BDFB4B800FCEE65 /* AlbumInfoCell.h */ = {isa = PBXFileReference; fileEncoding = 4; lastKnownFileType = sourcecode.c.h; path = AlbumInfoCell.h; sourceTree = "<group>"; };
		FA1FC6E01BDFB4B800FCEE65 /* AlbumInfoCell.m */ = {isa = PBXFileReference; fileEncoding = 4; lastKnownFileType = sourcecode.c.objc; path = AlbumInfoCell.m; sourceTree = "<group>"; };
		FA1FC6E21BDFB6A300FCEE65 /* AlbumSongsViewController.h */ = {isa = PBXFileReference; fileEncoding = 4; lastKnownFileType = sourcecode.c.h; path = AlbumSongsViewController.h; sourceTree = "<group>"; };
		FA1FC6E31BDFB6A300FCEE65 /* AlbumSongsViewController.m */ = {isa = PBXFileReference; fileEncoding = 4; lastKnownFileType = sourcecode.c.objc; path = AlbumSongsViewController.m; sourceTree = "<group>"; };
		FA8A3D781C19A9DA00C1D7F2 /* Model.xcdatamodel */ = {isa = PBXFileReference; lastKnownFileType = wrapper.xcdatamodel; path = Model.xcdatamodel; sourceTree = "<group>"; };
		FA8A3D7A1C1AE56C00C1D7F2 /* Playlist+CoreDataProperties.h */ = {isa = PBXFileReference; fileEncoding = 4; lastKnownFileType = sourcecode.c.h; path = "Playlist+CoreDataProperties.h"; sourceTree = "<group>"; };
		FA8A3D7B1C1AE56C00C1D7F2 /* Playlist+CoreDataProperties.m */ = {isa = PBXFileReference; fileEncoding = 4; lastKnownFileType = sourcecode.c.objc; path = "Playlist+CoreDataProperties.m"; sourceTree = "<group>"; };
		FA8A3D7C1C1AE56C00C1D7F2 /* Playlist.h */ = {isa = PBXFileReference; fileEncoding = 4; lastKnownFileType = sourcecode.c.h; path = Playlist.h; sourceTree = "<group>"; };
		FA8A3D7D1C1AE56C00C1D7F2 /* Playlist.m */ = {isa = PBXFileReference; fileEncoding = 4; lastKnownFileType = sourcecode.c.objc; path = Playlist.m; sourceTree = "<group>"; };
		FA8A3D7E1C1AE56C00C1D7F2 /* PlaylistTracks+CoreDataProperties.h */ = {isa = PBXFileReference; fileEncoding = 4; lastKnownFileType = sourcecode.c.h; path = "PlaylistTracks+CoreDataProperties.h"; sourceTree = "<group>"; };
		FA8A3D7F1C1AE56C00C1D7F2 /* PlaylistTracks+CoreDataProperties.m */ = {isa = PBXFileReference; fileEncoding = 4; lastKnownFileType = sourcecode.c.objc; path = "PlaylistTracks+CoreDataProperties.m"; sourceTree = "<group>"; };
		FA8A3D801C1AE56C00C1D7F2 /* PlaylistTracks.h */ = {isa = PBXFileReference; fileEncoding = 4; lastKnownFileType = sourcecode.c.h; path = PlaylistTracks.h; sourceTree = "<group>"; };
		FA8A3D811C1AE56C00C1D7F2 /* PlaylistTracks.m */ = {isa = PBXFileReference; fileEncoding = 4; lastKnownFileType = sourcecode.c.objc; path = PlaylistTracks.m; sourceTree = "<group>"; };
		FAA390551C282EEB00EFAE19 /* PlaylistSelectionViewController.h */ = {isa = PBXFileReference; fileEncoding = 4; lastKnownFileType = sourcecode.c.h; path = PlaylistSelectionViewController.h; sourceTree = "<group>"; };
		FAA390561C282EEB00EFAE19 /* PlaylistSelectionViewController.m */ = {isa = PBXFileReference; fileEncoding = 4; lastKnownFileType = sourcecode.c.objc; path = PlaylistSelectionViewController.m; sourceTree = "<group>"; };
		FAD0575A1BDA1F7F00488444 /* Virtuoso.app */ = {isa = PBXFileReference; explicitFileType = wrapper.application; includeInIndex = 0; path = Virtuoso.app; sourceTree = BUILT_PRODUCTS_DIR; };
		FAD0575E1BDA1F7F00488444 /* Info.plist */ = {isa = PBXFileReference; lastKnownFileType = text.plist.xml; path = Info.plist; sourceTree = "<group>"; };
		FAD0575F1BDA1F7F00488444 /* main.m */ = {isa = PBXFileReference; lastKnownFileType = sourcecode.c.objc; path = main.m; sourceTree = "<group>"; };
		FAD057611BDA1F7F00488444 /* AppDelegate.h */ = {isa = PBXFileReference; lastKnownFileType = sourcecode.c.h; path = AppDelegate.h; sourceTree = "<group>"; };
		FAD057621BDA1F7F00488444 /* AppDelegate.m */ = {isa = PBXFileReference; lastKnownFileType = sourcecode.c.objc; path = AppDelegate.m; sourceTree = "<group>"; };
		FAD057651BDA1F7F00488444 /* Virtuoso.xcdatamodel */ = {isa = PBXFileReference; lastKnownFileType = wrapper.xcdatamodel; path = Virtuoso.xcdatamodel; sourceTree = "<group>"; };
		FAD057671BDA1F7F00488444 /* ViewController.h */ = {isa = PBXFileReference; lastKnownFileType = sourcecode.c.h; path = ViewController.h; sourceTree = "<group>"; };
		FAD057681BDA1F7F00488444 /* ViewController.m */ = {isa = PBXFileReference; lastKnownFileType = sourcecode.c.objc; path = ViewController.m; sourceTree = "<group>"; };
		FAD0576B1BDA1F7F00488444 /* Base */ = {isa = PBXFileReference; lastKnownFileType = file.storyboard; name = Base; path = Base.lproj/Main.storyboard; sourceTree = "<group>"; };
		FAD0576D1BDA1F7F00488444 /* Images.xcassets */ = {isa = PBXFileReference; lastKnownFileType = folder.assetcatalog; path = Images.xcassets; sourceTree = "<group>"; };
		FAD057701BDA1F7F00488444 /* Base */ = {isa = PBXFileReference; lastKnownFileType = file.xib; name = Base; path = Base.lproj/LaunchScreen.xib; sourceTree = "<group>"; };
		FAD057761BDA1F7F00488444 /* VirtuosoTests.xctest */ = {isa = PBXFileReference; explicitFileType = wrapper.cfbundle; includeInIndex = 0; path = VirtuosoTests.xctest; sourceTree = BUILT_PRODUCTS_DIR; };
		FAD0577B1BDA1F7F00488444 /* Info.plist */ = {isa = PBXFileReference; lastKnownFileType = text.plist.xml; path = Info.plist; sourceTree = "<group>"; };
		FAD0577C1BDA1F7F00488444 /* VirtuosoTests.m */ = {isa = PBXFileReference; lastKnownFileType = sourcecode.c.objc; path = VirtuosoTests.m; sourceTree = "<group>"; };
		FAD057861BDA2FE200488444 /* MediaPlayer.framework */ = {isa = PBXFileReference; lastKnownFileType = wrapper.framework; name = MediaPlayer.framework; path = System/Library/Frameworks/MediaPlayer.framework; sourceTree = SDKROOT; };
		FAD057881BDA4F1D00488444 /* MusicViewController.h */ = {isa = PBXFileReference; fileEncoding = 4; lastKnownFileType = sourcecode.c.h; path = MusicViewController.h; sourceTree = "<group>"; };
		FAD057891BDA4F1D00488444 /* MusicViewController.m */ = {isa = PBXFileReference; fileEncoding = 4; lastKnownFileType = sourcecode.c.objc; path = MusicViewController.m; sourceTree = "<group>"; };
		FAD0578B1BDA568D00488444 /* SongsViewController.h */ = {isa = PBXFileReference; fileEncoding = 4; lastKnownFileType = sourcecode.c.h; path = SongsViewController.h; sourceTree = "<group>"; };
		FAD0578C1BDA568D00488444 /* SongsViewController.m */ = {isa = PBXFileReference; fileEncoding = 4; lastKnownFileType = sourcecode.c.objc; path = SongsViewController.m; sourceTree = "<group>"; };
		FAEE496A1BE39EF8006ED818 /* NowPlayingViewController.h */ = {isa = PBXFileReference; fileEncoding = 4; lastKnownFileType = sourcecode.c.h; path = NowPlayingViewController.h; sourceTree = "<group>"; };
		FAEE496B1BE39EF8006ED818 /* NowPlayingViewController.m */ = {isa = PBXFileReference; fileEncoding = 4; lastKnownFileType = sourcecode.c.objc; path = NowPlayingViewController.m; sourceTree = "<group>"; };
		FAF417401C0C9C6600E88DE3 /* PlaybackDurationToStringConverter.h */ = {isa = PBXFileReference; fileEncoding = 4; lastKnownFileType = sourcecode.c.h; path = PlaybackDurationToStringConverter.h; sourceTree = "<group>"; };
		FAF417411C0C9C6600E88DE3 /* PlaybackDurationToStringConverter.m */ = {isa = PBXFileReference; fileEncoding = 4; lastKnownFileType = sourcecode.c.objc; path = PlaybackDurationToStringConverter.m; sourceTree = "<group>"; };
		FAF417431C0DC0D100E88DE3 /* YTResultsViewController.h */ = {isa = PBXFileReference; fileEncoding = 4; lastKnownFileType = sourcecode.c.h; path = YTResultsViewController.h; sourceTree = "<group>"; };
		FAF417441C0DC0D100E88DE3 /* YTResultsViewController.m */ = {isa = PBXFileReference; fileEncoding = 4; lastKnownFileType = sourcecode.c.objc; path = YTResultsViewController.m; sourceTree = "<group>"; };
		FAF417471C0DC95B00E88DE3 /* AFHTTPRequestOperation.h */ = {isa = PBXFileReference; fileEncoding = 4; lastKnownFileType = sourcecode.c.h; path = AFHTTPRequestOperation.h; sourceTree = "<group>"; };
		FAF417481C0DC95B00E88DE3 /* AFHTTPRequestOperation.m */ = {isa = PBXFileReference; fileEncoding = 4; lastKnownFileType = sourcecode.c.objc; path = AFHTTPRequestOperation.m; sourceTree = "<group>"; };
		FAF417491C0DC95B00E88DE3 /* AFHTTPRequestOperationManager.h */ = {isa = PBXFileReference; fileEncoding = 4; lastKnownFileType = sourcecode.c.h; path = AFHTTPRequestOperationManager.h; sourceTree = "<group>"; };
		FAF4174A1C0DC95B00E88DE3 /* AFHTTPRequestOperationManager.m */ = {isa = PBXFileReference; fileEncoding = 4; lastKnownFileType = sourcecode.c.objc; path = AFHTTPRequestOperationManager.m; sourceTree = "<group>"; };
		FAF4174B1C0DC95B00E88DE3 /* AFHTTPSessionManager.h */ = {isa = PBXFileReference; fileEncoding = 4; lastKnownFileType = sourcecode.c.h; path = AFHTTPSessionManager.h; sourceTree = "<group>"; };
		FAF4174C1C0DC95B00E88DE3 /* AFHTTPSessionManager.m */ = {isa = PBXFileReference; fileEncoding = 4; lastKnownFileType = sourcecode.c.objc; path = AFHTTPSessionManager.m; sourceTree = "<group>"; };
		FAF4174D1C0DC95B00E88DE3 /* AFNetworking.h */ = {isa = PBXFileReference; fileEncoding = 4; lastKnownFileType = sourcecode.c.h; path = AFNetworking.h; sourceTree = "<group>"; };
		FAF4174E1C0DC95B00E88DE3 /* AFNetworkReachabilityManager.h */ = {isa = PBXFileReference; fileEncoding = 4; lastKnownFileType = sourcecode.c.h; path = AFNetworkReachabilityManager.h; sourceTree = "<group>"; };
		FAF4174F1C0DC95B00E88DE3 /* AFNetworkReachabilityManager.m */ = {isa = PBXFileReference; fileEncoding = 4; lastKnownFileType = sourcecode.c.objc; path = AFNetworkReachabilityManager.m; sourceTree = "<group>"; };
		FAF417501C0DC95B00E88DE3 /* AFSecurityPolicy.h */ = {isa = PBXFileReference; fileEncoding = 4; lastKnownFileType = sourcecode.c.h; path = AFSecurityPolicy.h; sourceTree = "<group>"; };
		FAF417511C0DC95B00E88DE3 /* AFSecurityPolicy.m */ = {isa = PBXFileReference; fileEncoding = 4; lastKnownFileType = sourcecode.c.objc; path = AFSecurityPolicy.m; sourceTree = "<group>"; };
		FAF417521C0DC95B00E88DE3 /* AFURLConnectionOperation.h */ = {isa = PBXFileReference; fileEncoding = 4; lastKnownFileType = sourcecode.c.h; path = AFURLConnectionOperation.h; sourceTree = "<group>"; };
		FAF417531C0DC95B00E88DE3 /* AFURLConnectionOperation.m */ = {isa = PBXFileReference; fileEncoding = 4; lastKnownFileType = sourcecode.c.objc; path = AFURLConnectionOperation.m; sourceTree = "<group>"; };
		FAF417541C0DC95B00E88DE3 /* AFURLRequestSerialization.h */ = {isa = PBXFileReference; fileEncoding = 4; lastKnownFileType = sourcecode.c.h; path = AFURLRequestSerialization.h; sourceTree = "<group>"; };
		FAF417551C0DC95B00E88DE3 /* AFURLRequestSerialization.m */ = {isa = PBXFileReference; fileEncoding = 4; lastKnownFileType = sourcecode.c.objc; path = AFURLRequestSerialization.m; sourceTree = "<group>"; };
		FAF417561C0DC95B00E88DE3 /* AFURLResponseSerialization.h */ = {isa = PBXFileReference; fileEncoding = 4; lastKnownFileType = sourcecode.c.h; path = AFURLResponseSerialization.h; sourceTree = "<group>"; };
		FAF417571C0DC95B00E88DE3 /* AFURLResponseSerialization.m */ = {isa = PBXFileReference; fileEncoding = 4; lastKnownFileType = sourcecode.c.objc; path = AFURLResponseSerialization.m; sourceTree = "<group>"; };
		FAF417581C0DC95B00E88DE3 /* AFURLSessionManager.h */ = {isa = PBXFileReference; fileEncoding = 4; lastKnownFileType = sourcecode.c.h; path = AFURLSessionManager.h; sourceTree = "<group>"; };
		FAF417591C0DC95B00E88DE3 /* AFURLSessionManager.m */ = {isa = PBXFileReference; fileEncoding = 4; lastKnownFileType = sourcecode.c.objc; path = AFURLSessionManager.m; sourceTree = "<group>"; };
		FAF4175B1C0DC95B00E88DE3 /* AFNetworkActivityIndicatorManager.h */ = {isa = PBXFileReference; fileEncoding = 4; lastKnownFileType = sourcecode.c.h; path = AFNetworkActivityIndicatorManager.h; sourceTree = "<group>"; };
		FAF4175C1C0DC95B00E88DE3 /* AFNetworkActivityIndicatorManager.m */ = {isa = PBXFileReference; fileEncoding = 4; lastKnownFileType = sourcecode.c.objc; path = AFNetworkActivityIndicatorManager.m; sourceTree = "<group>"; };
		FAF4175D1C0DC95B00E88DE3 /* UIActivityIndicatorView+AFNetworking.h */ = {isa = PBXFileReference; fileEncoding = 4; lastKnownFileType = sourcecode.c.h; path = "UIActivityIndicatorView+AFNetworking.h"; sourceTree = "<group>"; };
		FAF4175E1C0DC95B00E88DE3 /* UIActivityIndicatorView+AFNetworking.m */ = {isa = PBXFileReference; fileEncoding = 4; lastKnownFileType = sourcecode.c.objc; path = "UIActivityIndicatorView+AFNetworking.m"; sourceTree = "<group>"; };
		FAF4175F1C0DC95B00E88DE3 /* UIAlertView+AFNetworking.h */ = {isa = PBXFileReference; fileEncoding = 4; lastKnownFileType = sourcecode.c.h; path = "UIAlertView+AFNetworking.h"; sourceTree = "<group>"; };
		FAF417601C0DC95B00E88DE3 /* UIAlertView+AFNetworking.m */ = {isa = PBXFileReference; fileEncoding = 4; lastKnownFileType = sourcecode.c.objc; path = "UIAlertView+AFNetworking.m"; sourceTree = "<group>"; };
		FAF417611C0DC95B00E88DE3 /* UIButton+AFNetworking.h */ = {isa = PBXFileReference; fileEncoding = 4; lastKnownFileType = sourcecode.c.h; path = "UIButton+AFNetworking.h"; sourceTree = "<group>"; };
		FAF417621C0DC95B00E88DE3 /* UIButton+AFNetworking.m */ = {isa = PBXFileReference; fileEncoding = 4; lastKnownFileType = sourcecode.c.objc; path = "UIButton+AFNetworking.m"; sourceTree = "<group>"; };
		FAF417631C0DC95B00E88DE3 /* UIImage+AFNetworking.h */ = {isa = PBXFileReference; fileEncoding = 4; lastKnownFileType = sourcecode.c.h; path = "UIImage+AFNetworking.h"; sourceTree = "<group>"; };
		FAF417641C0DC95B00E88DE3 /* UIImageView+AFNetworking.h */ = {isa = PBXFileReference; fileEncoding = 4; lastKnownFileType = sourcecode.c.h; path = "UIImageView+AFNetworking.h"; sourceTree = "<group>"; };
		FAF417651C0DC95B00E88DE3 /* UIImageView+AFNetworking.m */ = {isa = PBXFileReference; fileEncoding = 4; lastKnownFileType = sourcecode.c.objc; path = "UIImageView+AFNetworking.m"; sourceTree = "<group>"; };
		FAF417661C0DC95B00E88DE3 /* UIKit+AFNetworking.h */ = {isa = PBXFileReference; fileEncoding = 4; lastKnownFileType = sourcecode.c.h; path = "UIKit+AFNetworking.h"; sourceTree = "<group>"; };
		FAF417671C0DC95B00E88DE3 /* UIProgressView+AFNetworking.h */ = {isa = PBXFileReference; fileEncoding = 4; lastKnownFileType = sourcecode.c.h; path = "UIProgressView+AFNetworking.h"; sourceTree = "<group>"; };
		FAF417681C0DC95B00E88DE3 /* UIProgressView+AFNetworking.m */ = {isa = PBXFileReference; fileEncoding = 4; lastKnownFileType = sourcecode.c.objc; path = "UIProgressView+AFNetworking.m"; sourceTree = "<group>"; };
		FAF417691C0DC95B00E88DE3 /* UIRefreshControl+AFNetworking.h */ = {isa = PBXFileReference; fileEncoding = 4; lastKnownFileType = sourcecode.c.h; path = "UIRefreshControl+AFNetworking.h"; sourceTree = "<group>"; };
		FAF4176A1C0DC95B00E88DE3 /* UIRefreshControl+AFNetworking.m */ = {isa = PBXFileReference; fileEncoding = 4; lastKnownFileType = sourcecode.c.objc; path = "UIRefreshControl+AFNetworking.m"; sourceTree = "<group>"; };
		FAF4176B1C0DC95B00E88DE3 /* UIWebView+AFNetworking.h */ = {isa = PBXFileReference; fileEncoding = 4; lastKnownFileType = sourcecode.c.h; path = "UIWebView+AFNetworking.h"; sourceTree = "<group>"; };
		FAF4176C1C0DC95B00E88DE3 /* UIWebView+AFNetworking.m */ = {isa = PBXFileReference; fileEncoding = 4; lastKnownFileType = sourcecode.c.objc; path = "UIWebView+AFNetworking.m"; sourceTree = "<group>"; };
		FAF4177F1C0EE6A800E88DE3 /* YTPlayerView.h */ = {isa = PBXFileReference; fileEncoding = 4; lastKnownFileType = sourcecode.c.h; path = YTPlayerView.h; sourceTree = "<group>"; };
		FAF417801C0EE6A800E88DE3 /* YTPlayerView.m */ = {isa = PBXFileReference; fileEncoding = 4; lastKnownFileType = sourcecode.c.objc; path = YTPlayerView.m; sourceTree = "<group>"; };
		FAF417831C0EEA1A00E88DE3 /* Assets.bundle */ = {isa = PBXFileReference; lastKnownFileType = "wrapper.plug-in"; name = Assets.bundle; path = "../../../Downloads/youtube-ios-player-helper-master/youtube-ios-player-helper/Assets.bundle"; sourceTree = "<group>"; };
		FAF417851C0F125600E88DE3 /* YTPlayerViewController.h */ = {isa = PBXFileReference; fileEncoding = 4; lastKnownFileType = sourcecode.c.h; path = YTPlayerViewController.h; sourceTree = "<group>"; };
		FAF417861C0F125600E88DE3 /* YTPlayerViewController.m */ = {isa = PBXFileReference; fileEncoding = 4; lastKnownFileType = sourcecode.c.objc; path = YTPlayerViewController.m; sourceTree = "<group>"; };
		FAFE07C11C1EFB7600D32D0F /* PlaylistsViewController.h */ = {isa = PBXFileReference; fileEncoding = 4; lastKnownFileType = sourcecode.c.h; path = PlaylistsViewController.h; sourceTree = "<group>"; };
		FAFE07C21C1EFB7600D32D0F /* PlaylistsViewController.m */ = {isa = PBXFileReference; fileEncoding = 4; lastKnownFileType = sourcecode.c.objc; path = PlaylistsViewController.m; sourceTree = "<group>"; };
		FAFE07C41C24173900D32D0F /* SongTableViewCell.h */ = {isa = PBXFileReference; fileEncoding = 4; lastKnownFileType = sourcecode.c.h; path = SongTableViewCell.h; sourceTree = "<group>"; };
		FAFE07C51C24173900D32D0F /* SongTableViewCell.m */ = {isa = PBXFileReference; fileEncoding = 4; lastKnownFileType = sourcecode.c.objc; path = SongTableViewCell.m; sourceTree = "<group>"; };
/* End PBXFileReference section */

/* Begin PBXFrameworksBuildPhase section */
		FAD057571BDA1F7F00488444 /* Frameworks */ = {
			isa = PBXFrameworksBuildPhase;
			buildActionMask = 2147483647;
			files = (
				FAD057871BDA2FE200488444 /* MediaPlayer.framework in Frameworks */,
			);
			runOnlyForDeploymentPostprocessing = 0;
		};
		FAD057731BDA1F7F00488444 /* Frameworks */ = {
			isa = PBXFrameworksBuildPhase;
			buildActionMask = 2147483647;
			files = (
			);
			runOnlyForDeploymentPostprocessing = 0;
		};
/* End PBXFrameworksBuildPhase section */

/* Begin PBXGroup section */
		FAD057511BDA1F7F00488444 = {
			isa = PBXGroup;
			children = (
				FAD057861BDA2FE200488444 /* MediaPlayer.framework */,
				FAD0575C1BDA1F7F00488444 /* Virtuoso */,
				FAD057791BDA1F7F00488444 /* VirtuosoTests */,
				FAD0575B1BDA1F7F00488444 /* Products */,
			);
			sourceTree = "<group>";
		};
		FAD0575B1BDA1F7F00488444 /* Products */ = {
			isa = PBXGroup;
			children = (
				FAD0575A1BDA1F7F00488444 /* Virtuoso.app */,
				FAD057761BDA1F7F00488444 /* VirtuosoTests.xctest */,
			);
			name = Products;
			sourceTree = "<group>";
		};
		FAD0575C1BDA1F7F00488444 /* Virtuoso */ = {
			isa = PBXGroup;
			children = (
				FA1692C61C2993CC00E1FCD4 /* PlaylistSongsViewController.h */,
				FA1692C71C2993CC00E1FCD4 /* PlaylistSongsViewController.m */,
				FA8A3D7A1C1AE56C00C1D7F2 /* Playlist+CoreDataProperties.h */,
				FA8A3D7B1C1AE56C00C1D7F2 /* Playlist+CoreDataProperties.m */,
				FA8A3D7C1C1AE56C00C1D7F2 /* Playlist.h */,
				FA8A3D7D1C1AE56C00C1D7F2 /* Playlist.m */,
				FA8A3D7E1C1AE56C00C1D7F2 /* PlaylistTracks+CoreDataProperties.h */,
				FA8A3D7F1C1AE56C00C1D7F2 /* PlaylistTracks+CoreDataProperties.m */,
				FA8A3D801C1AE56C00C1D7F2 /* PlaylistTracks.h */,
				FA8A3D811C1AE56C00C1D7F2 /* PlaylistTracks.m */,
				FAD057611BDA1F7F00488444 /* AppDelegate.h */,
				FAD057621BDA1F7F00488444 /* AppDelegate.m */,
				FAF417461C0DC95B00E88DE3 /* AFNetworking */,
				FAF4175A1C0DC95B00E88DE3 /* UIKit+AFNetworking */,
				FAD057671BDA1F7F00488444 /* ViewController.h */,
				FAD057681BDA1F7F00488444 /* ViewController.m */,
				FA1FC6DF1BDFB4B800FCEE65 /* AlbumInfoCell.h */,
				FA1FC6E01BDFB4B800FCEE65 /* AlbumInfoCell.m */,
				FAD0576A1BDA1F7F00488444 /* Main.storyboard */,
				FAA390551C282EEB00EFAE19 /* PlaylistSelectionViewController.h */,
				FAA390561C282EEB00EFAE19 /* PlaylistSelectionViewController.m */,
				FAFE07C41C24173900D32D0F /* SongTableViewCell.h */,
				FAFE07C51C24173900D32D0F /* SongTableViewCell.m */,
				FAFE07C11C1EFB7600D32D0F /* PlaylistsViewController.h */,
				FAFE07C21C1EFB7600D32D0F /* PlaylistsViewController.m */,
				FA8A3D771C19A9DA00C1D7F2 /* Model.xcdatamodeld */,
				FAF417851C0F125600E88DE3 /* YTPlayerViewController.h */,
				FAF417861C0F125600E88DE3 /* YTPlayerViewController.m */,
				FA1FC6D61BDE688600FCEE65 /* AlbumsViewController.h */,
				FA1FC6D71BDE688600FCEE65 /* AlbumsViewController.m */,
				FAF417401C0C9C6600E88DE3 /* PlaybackDurationToStringConverter.h */,
				FAF417411C0C9C6600E88DE3 /* PlaybackDurationToStringConverter.m */,
				FAF417431C0DC0D100E88DE3 /* YTResultsViewController.h */,
				FAF417441C0DC0D100E88DE3 /* YTResultsViewController.m */,
				FAEE496A1BE39EF8006ED818 /* NowPlayingViewController.h */,
				FAEE496B1BE39EF8006ED818 /* NowPlayingViewController.m */,
				FA1FC6E21BDFB6A300FCEE65 /* AlbumSongsViewController.h */,
				FA1FC6E31BDFB6A300FCEE65 /* AlbumSongsViewController.m */,
				FAD0578B1BDA568D00488444 /* SongsViewController.h */,
				FAD0578C1BDA568D00488444 /* SongsViewController.m */,
				FAF4177F1C0EE6A800E88DE3 /* YTPlayerView.h */,
				FAF417801C0EE6A800E88DE3 /* YTPlayerView.m */,
				FAF417831C0EEA1A00E88DE3 /* Assets.bundle */,
				FAD057881BDA4F1D00488444 /* MusicViewController.h */,
				FAD057891BDA4F1D00488444 /* MusicViewController.m */,
				FAD0576D1BDA1F7F00488444 /* Images.xcassets */,
				FAD0576F1BDA1F7F00488444 /* LaunchScreen.xib */,
				FAD057641BDA1F7F00488444 /* Virtuoso.xcdatamodeld */,
				FAD0575D1BDA1F7F00488444 /* Supporting Files */,
			);
			path = Virtuoso;
			sourceTree = "<group>";
		};
		FAD0575D1BDA1F7F00488444 /* Supporting Files */ = {
			isa = PBXGroup;
			children = (
				FAD0575E1BDA1F7F00488444 /* Info.plist */,
				FAD0575F1BDA1F7F00488444 /* main.m */,
			);
			name = "Supporting Files";
			sourceTree = "<group>";
		};
		FAD057791BDA1F7F00488444 /* VirtuosoTests */ = {
			isa = PBXGroup;
			children = (
				FAD0577C1BDA1F7F00488444 /* VirtuosoTests.m */,
				FAD0577A1BDA1F7F00488444 /* Supporting Files */,
			);
			path = VirtuosoTests;
			sourceTree = "<group>";
		};
		FAD0577A1BDA1F7F00488444 /* Supporting Files */ = {
			isa = PBXGroup;
			children = (
				FAD0577B1BDA1F7F00488444 /* Info.plist */,
			);
			name = "Supporting Files";
			sourceTree = "<group>";
		};
		FAF417461C0DC95B00E88DE3 /* AFNetworking */ = {
			isa = PBXGroup;
			children = (
				FAF417471C0DC95B00E88DE3 /* AFHTTPRequestOperation.h */,
				FAF417481C0DC95B00E88DE3 /* AFHTTPRequestOperation.m */,
				FAF417491C0DC95B00E88DE3 /* AFHTTPRequestOperationManager.h */,
				FAF4174A1C0DC95B00E88DE3 /* AFHTTPRequestOperationManager.m */,
				FAF4174B1C0DC95B00E88DE3 /* AFHTTPSessionManager.h */,
				FAF4174C1C0DC95B00E88DE3 /* AFHTTPSessionManager.m */,
				FAF4174D1C0DC95B00E88DE3 /* AFNetworking.h */,
				FAF4174E1C0DC95B00E88DE3 /* AFNetworkReachabilityManager.h */,
				FAF4174F1C0DC95B00E88DE3 /* AFNetworkReachabilityManager.m */,
				FAF417501C0DC95B00E88DE3 /* AFSecurityPolicy.h */,
				FAF417511C0DC95B00E88DE3 /* AFSecurityPolicy.m */,
				FAF417521C0DC95B00E88DE3 /* AFURLConnectionOperation.h */,
				FAF417531C0DC95B00E88DE3 /* AFURLConnectionOperation.m */,
				FAF417541C0DC95B00E88DE3 /* AFURLRequestSerialization.h */,
				FAF417551C0DC95B00E88DE3 /* AFURLRequestSerialization.m */,
				FAF417561C0DC95B00E88DE3 /* AFURLResponseSerialization.h */,
				FAF417571C0DC95B00E88DE3 /* AFURLResponseSerialization.m */,
				FAF417581C0DC95B00E88DE3 /* AFURLSessionManager.h */,
				FAF417591C0DC95B00E88DE3 /* AFURLSessionManager.m */,
			);
			path = AFNetworking;
			sourceTree = "<group>";
		};
		FAF4175A1C0DC95B00E88DE3 /* UIKit+AFNetworking */ = {
			isa = PBXGroup;
			children = (
				FAF4175B1C0DC95B00E88DE3 /* AFNetworkActivityIndicatorManager.h */,
				FAF4175C1C0DC95B00E88DE3 /* AFNetworkActivityIndicatorManager.m */,
				FAF4175D1C0DC95B00E88DE3 /* UIActivityIndicatorView+AFNetworking.h */,
				FAF4175E1C0DC95B00E88DE3 /* UIActivityIndicatorView+AFNetworking.m */,
				FAF4175F1C0DC95B00E88DE3 /* UIAlertView+AFNetworking.h */,
				FAF417601C0DC95B00E88DE3 /* UIAlertView+AFNetworking.m */,
				FAF417611C0DC95B00E88DE3 /* UIButton+AFNetworking.h */,
				FAF417621C0DC95B00E88DE3 /* UIButton+AFNetworking.m */,
				FAF417631C0DC95B00E88DE3 /* UIImage+AFNetworking.h */,
				FAF417641C0DC95B00E88DE3 /* UIImageView+AFNetworking.h */,
				FAF417651C0DC95B00E88DE3 /* UIImageView+AFNetworking.m */,
				FAF417661C0DC95B00E88DE3 /* UIKit+AFNetworking.h */,
				FAF417671C0DC95B00E88DE3 /* UIProgressView+AFNetworking.h */,
				FAF417681C0DC95B00E88DE3 /* UIProgressView+AFNetworking.m */,
				FAF417691C0DC95B00E88DE3 /* UIRefreshControl+AFNetworking.h */,
				FAF4176A1C0DC95B00E88DE3 /* UIRefreshControl+AFNetworking.m */,
				FAF4176B1C0DC95B00E88DE3 /* UIWebView+AFNetworking.h */,
				FAF4176C1C0DC95B00E88DE3 /* UIWebView+AFNetworking.m */,
			);
			path = "UIKit+AFNetworking";
			sourceTree = "<group>";
		};
/* End PBXGroup section */

/* Begin PBXNativeTarget section */
		FAD057591BDA1F7F00488444 /* Virtuoso */ = {
			isa = PBXNativeTarget;
			buildConfigurationList = FAD057801BDA1F7F00488444 /* Build configuration list for PBXNativeTarget "Virtuoso" */;
			buildPhases = (
				FAD057561BDA1F7F00488444 /* Sources */,
				FAD057571BDA1F7F00488444 /* Frameworks */,
				FAD057581BDA1F7F00488444 /* Resources */,
			);
			buildRules = (
			);
			dependencies = (
			);
			name = Virtuoso;
			productName = Virtuoso;
			productReference = FAD0575A1BDA1F7F00488444 /* Virtuoso.app */;
			productType = "com.apple.product-type.application";
		};
		FAD057751BDA1F7F00488444 /* VirtuosoTests */ = {
			isa = PBXNativeTarget;
			buildConfigurationList = FAD057831BDA1F7F00488444 /* Build configuration list for PBXNativeTarget "VirtuosoTests" */;
			buildPhases = (
				FAD057721BDA1F7F00488444 /* Sources */,
				FAD057731BDA1F7F00488444 /* Frameworks */,
				FAD057741BDA1F7F00488444 /* Resources */,
			);
			buildRules = (
			);
			dependencies = (
				FAD057781BDA1F7F00488444 /* PBXTargetDependency */,
			);
			name = VirtuosoTests;
			productName = VirtuosoTests;
			productReference = FAD057761BDA1F7F00488444 /* VirtuosoTests.xctest */;
			productType = "com.apple.product-type.bundle.unit-test";
		};
/* End PBXNativeTarget section */

/* Begin PBXProject section */
		FAD057521BDA1F7F00488444 /* Project object */ = {
			isa = PBXProject;
			attributes = {
				LastUpgradeCheck = 0710;
				ORGANIZATIONNAME = sikander.m;
				TargetAttributes = {
					FAD057591BDA1F7F00488444 = {
						CreatedOnToolsVersion = 6.4;
						DevelopmentTeam = J3N2H5L77G;
					};
					FAD057751BDA1F7F00488444 = {
						CreatedOnToolsVersion = 6.4;
						TestTargetID = FAD057591BDA1F7F00488444;
					};
				};
			};
			buildConfigurationList = FAD057551BDA1F7F00488444 /* Build configuration list for PBXProject "Virtuoso" */;
			compatibilityVersion = "Xcode 3.2";
			developmentRegion = English;
			hasScannedForEncodings = 0;
			knownRegions = (
				en,
				Base,
			);
			mainGroup = FAD057511BDA1F7F00488444;
			productRefGroup = FAD0575B1BDA1F7F00488444 /* Products */;
			projectDirPath = "";
			projectRoot = "";
			targets = (
				FAD057591BDA1F7F00488444 /* Virtuoso */,
				FAD057751BDA1F7F00488444 /* VirtuosoTests */,
			);
		};
/* End PBXProject section */

/* Begin PBXResourcesBuildPhase section */
		FAD057581BDA1F7F00488444 /* Resources */ = {
			isa = PBXResourcesBuildPhase;
			buildActionMask = 2147483647;
			files = (
				FAF417841C0EEA1A00E88DE3 /* Assets.bundle in Resources */,
				FAD0576C1BDA1F7F00488444 /* Main.storyboard in Resources */,
				FAD057711BDA1F7F00488444 /* LaunchScreen.xib in Resources */,
				FAD0576E1BDA1F7F00488444 /* Images.xcassets in Resources */,
			);
			runOnlyForDeploymentPostprocessing = 0;
		};
		FAD057741BDA1F7F00488444 /* Resources */ = {
			isa = PBXResourcesBuildPhase;
			buildActionMask = 2147483647;
			files = (
			);
			runOnlyForDeploymentPostprocessing = 0;
		};
/* End PBXResourcesBuildPhase section */

/* Begin PBXSourcesBuildPhase section */
		FAD057561BDA1F7F00488444 /* Sources */ = {
			isa = PBXSourcesBuildPhase;
			buildActionMask = 2147483647;
			files = (
				FAF417781C0DC95B00E88DE3 /* UIAlertView+AFNetworking.m in Sources */,
				FAF4177A1C0DC95B00E88DE3 /* UIImageView+AFNetworking.m in Sources */,
				FAF417791C0DC95B00E88DE3 /* UIButton+AFNetworking.m in Sources */,
				FAF4176D1C0DC95B00E88DE3 /* AFHTTPRequestOperation.m in Sources */,
				FA1FC6E41BDFB6A300FCEE65 /* AlbumSongsViewController.m in Sources */,
				FA1FC6E11BDFB4B800FCEE65 /* AlbumInfoCell.m in Sources */,
				FAF417751C0DC95B00E88DE3 /* AFURLSessionManager.m in Sources */,
				FAF417761C0DC95B00E88DE3 /* AFNetworkActivityIndicatorManager.m in Sources */,
				FAF417821C0EE6A800E88DE3 /* YTPlayerView.m in Sources */,
				FAEE496C1BE39EF8006ED818 /* NowPlayingViewController.m in Sources */,
				FA8A3D821C1AE56C00C1D7F2 /* Playlist+CoreDataProperties.m in Sources */,
				FAF417721C0DC95B00E88DE3 /* AFURLConnectionOperation.m in Sources */,
				FAF4176E1C0DC95B00E88DE3 /* AFHTTPRequestOperationManager.m in Sources */,
				FAD057631BDA1F7F00488444 /* AppDelegate.m in Sources */,
				FAF417701C0DC95B00E88DE3 /* AFNetworkReachabilityManager.m in Sources */,
				FA1FC6D81BDE688600FCEE65 /* AlbumsViewController.m in Sources */,
				FAD0578A1BDA4F1D00488444 /* MusicViewController.m in Sources */,
				FAF417711C0DC95B00E88DE3 /* AFSecurityPolicy.m in Sources */,
				FAF417421C0C9C6600E88DE3 /* PlaybackDurationToStringConverter.m in Sources */,
				FAF417731C0DC95B00E88DE3 /* AFURLRequestSerialization.m in Sources */,
				FAD057661BDA1F7F00488444 /* Virtuoso.xcdatamodeld in Sources */,
				FAF417741C0DC95B00E88DE3 /* AFURLResponseSerialization.m in Sources */,
				FA8A3D841C1AE56C00C1D7F2 /* PlaylistTracks+CoreDataProperties.m in Sources */,
				FAD057691BDA1F7F00488444 /* ViewController.m in Sources */,
				FA8A3D831C1AE56C00C1D7F2 /* Playlist.m in Sources */,
				FAF417771C0DC95B00E88DE3 /* UIActivityIndicatorView+AFNetworking.m in Sources */,
				FAA390571C282EEB00EFAE19 /* PlaylistSelectionViewController.m in Sources */,
				FA1692C81C2993CC00E1FCD4 /* PlaylistSongsViewController.m in Sources */,
				FAF4177C1C0DC95B00E88DE3 /* UIRefreshControl+AFNetworking.m in Sources */,
				FAF4177B1C0DC95B00E88DE3 /* UIProgressView+AFNetworking.m in Sources */,
				FAF417871C0F125600E88DE3 /* YTPlayerViewController.m in Sources */,
				FA8A3D851C1AE56C00C1D7F2 /* PlaylistTracks.m in Sources */,
				FAD057601BDA1F7F00488444 /* main.m in Sources */,
				FA8A3D791C19A9DA00C1D7F2 /* Model.xcdatamodeld in Sources */,
				FAFE07C61C24173900D32D0F /* SongTableViewCell.m in Sources */,
				FAF4177D1C0DC95B00E88DE3 /* UIWebView+AFNetworking.m in Sources */,
				FAFE07C31C1EFB7600D32D0F /* PlaylistsViewController.m in Sources */,
				FAF4176F1C0DC95B00E88DE3 /* AFHTTPSessionManager.m in Sources */,
				FAF417451C0DC0D100E88DE3 /* YTResultsViewController.m in Sources */,
				FAD0578D1BDA568D00488444 /* SongsViewController.m in Sources */,
			);
			runOnlyForDeploymentPostprocessing = 0;
		};
		FAD057721BDA1F7F00488444 /* Sources */ = {
			isa = PBXSourcesBuildPhase;
			buildActionMask = 2147483647;
			files = (
				FAD0577D1BDA1F7F00488444 /* VirtuosoTests.m in Sources */,
			);
			runOnlyForDeploymentPostprocessing = 0;
		};
/* End PBXSourcesBuildPhase section */

/* Begin PBXTargetDependency section */
		FAD057781BDA1F7F00488444 /* PBXTargetDependency */ = {
			isa = PBXTargetDependency;
			target = FAD057591BDA1F7F00488444 /* Virtuoso */;
			targetProxy = FAD057771BDA1F7F00488444 /* PBXContainerItemProxy */;
		};
/* End PBXTargetDependency section */

/* Begin PBXVariantGroup section */
		FAD0576A1BDA1F7F00488444 /* Main.storyboard */ = {
			isa = PBXVariantGroup;
			children = (
				FAD0576B1BDA1F7F00488444 /* Base */,
			);
			name = Main.storyboard;
			sourceTree = "<group>";
		};
		FAD0576F1BDA1F7F00488444 /* LaunchScreen.xib */ = {
			isa = PBXVariantGroup;
			children = (
				FAD057701BDA1F7F00488444 /* Base */,
			);
			name = LaunchScreen.xib;
			sourceTree = "<group>";
		};
/* End PBXVariantGroup section */

/* Begin XCBuildConfiguration section */
		FAD0577E1BDA1F7F00488444 /* Debug */ = {
			isa = XCBuildConfiguration;
			buildSettings = {
				ALWAYS_SEARCH_USER_PATHS = NO;
				CLANG_CXX_LANGUAGE_STANDARD = "gnu++0x";
				CLANG_CXX_LIBRARY = "libc++";
				CLANG_ENABLE_MODULES = YES;
				CLANG_ENABLE_OBJC_ARC = YES;
				CLANG_WARN_BOOL_CONVERSION = YES;
				CLANG_WARN_CONSTANT_CONVERSION = YES;
				CLANG_WARN_DIRECT_OBJC_ISA_USAGE = YES_ERROR;
				CLANG_WARN_EMPTY_BODY = YES;
				CLANG_WARN_ENUM_CONVERSION = YES;
				CLANG_WARN_INT_CONVERSION = YES;
				CLANG_WARN_OBJC_ROOT_CLASS = YES_ERROR;
				CLANG_WARN_UNREACHABLE_CODE = YES;
				CLANG_WARN__DUPLICATE_METHOD_MATCH = YES;
				"CODE_SIGN_IDENTITY[sdk=iphoneos*]" = "iPhone Developer";
				COPY_PHASE_STRIP = NO;
				DEBUG_INFORMATION_FORMAT = "dwarf-with-dsym";
				ENABLE_STRICT_OBJC_MSGSEND = YES;
				ENABLE_TESTABILITY = YES;
				GCC_C_LANGUAGE_STANDARD = gnu99;
				GCC_DYNAMIC_NO_PIC = NO;
				GCC_NO_COMMON_BLOCKS = YES;
				GCC_OPTIMIZATION_LEVEL = 0;
				GCC_PREPROCESSOR_DEFINITIONS = (
					"DEBUG=1",
					"$(inherited)",
				);
				GCC_SYMBOLS_PRIVATE_EXTERN = NO;
				GCC_WARN_64_TO_32_BIT_CONVERSION = YES;
				GCC_WARN_ABOUT_RETURN_TYPE = YES_ERROR;
				GCC_WARN_UNDECLARED_SELECTOR = YES;
				GCC_WARN_UNINITIALIZED_AUTOS = YES_AGGRESSIVE;
				GCC_WARN_UNUSED_FUNCTION = YES;
				GCC_WARN_UNUSED_VARIABLE = YES;
				IPHONEOS_DEPLOYMENT_TARGET = 8.4;
				MTL_ENABLE_DEBUG_INFO = YES;
				ONLY_ACTIVE_ARCH = YES;
				SDKROOT = iphoneos;
				TARGETED_DEVICE_FAMILY = "1,2";
			};
			name = Debug;
		};
		FAD0577F1BDA1F7F00488444 /* Release */ = {
			isa = XCBuildConfiguration;
			buildSettings = {
				ALWAYS_SEARCH_USER_PATHS = NO;
				CLANG_CXX_LANGUAGE_STANDARD = "gnu++0x";
				CLANG_CXX_LIBRARY = "libc++";
				CLANG_ENABLE_MODULES = YES;
				CLANG_ENABLE_OBJC_ARC = YES;
				CLANG_WARN_BOOL_CONVERSION = YES;
				CLANG_WARN_CONSTANT_CONVERSION = YES;
				CLANG_WARN_DIRECT_OBJC_ISA_USAGE = YES_ERROR;
				CLANG_WARN_EMPTY_BODY = YES;
				CLANG_WARN_ENUM_CONVERSION = YES;
				CLANG_WARN_INT_CONVERSION = YES;
				CLANG_WARN_OBJC_ROOT_CLASS = YES_ERROR;
				CLANG_WARN_UNREACHABLE_CODE = YES;
				CLANG_WARN__DUPLICATE_METHOD_MATCH = YES;
				"CODE_SIGN_IDENTITY[sdk=iphoneos*]" = "iPhone Developer";
				COPY_PHASE_STRIP = NO;
				DEBUG_INFORMATION_FORMAT = "dwarf-with-dsym";
				ENABLE_NS_ASSERTIONS = NO;
				ENABLE_STRICT_OBJC_MSGSEND = YES;
				GCC_C_LANGUAGE_STANDARD = gnu99;
				GCC_NO_COMMON_BLOCKS = YES;
				GCC_WARN_64_TO_32_BIT_CONVERSION = YES;
				GCC_WARN_ABOUT_RETURN_TYPE = YES_ERROR;
				GCC_WARN_UNDECLARED_SELECTOR = YES;
				GCC_WARN_UNINITIALIZED_AUTOS = YES_AGGRESSIVE;
				GCC_WARN_UNUSED_FUNCTION = YES;
				GCC_WARN_UNUSED_VARIABLE = YES;
				IPHONEOS_DEPLOYMENT_TARGET = 8.4;
				MTL_ENABLE_DEBUG_INFO = NO;
				SDKROOT = iphoneos;
				TARGETED_DEVICE_FAMILY = "1,2";
				VALIDATE_PRODUCT = YES;
			};
			name = Release;
		};
		FAD057811BDA1F7F00488444 /* Debug */ = {
			isa = XCBuildConfiguration;
			buildSettings = {
				ASSETCATALOG_COMPILER_APPICON_NAME = AppIcon;
				CODE_SIGN_IDENTITY = "iPhone Developer";
				"CODE_SIGN_IDENTITY[sdk=iphoneos*]" = "iPhone Developer";
				INFOPLIST_FILE = Virtuoso/Info.plist;
				LD_RUNPATH_SEARCH_PATHS = "$(inherited) @executable_path/Frameworks";
				PRODUCT_BUNDLE_IDENTIFIER = "Directi.$(PRODUCT_NAME:rfc1034identifier)";
				PRODUCT_NAME = "$(TARGET_NAME)";
				PROVISIONING_PROFILE = "";
			};
			name = Debug;
		};
		FAD057821BDA1F7F00488444 /* Release */ = {
			isa = XCBuildConfiguration;
			buildSettings = {
				ASSETCATALOG_COMPILER_APPICON_NAME = AppIcon;
				CODE_SIGN_IDENTITY = "iPhone Developer";
				"CODE_SIGN_IDENTITY[sdk=iphoneos*]" = "iPhone Developer";
				INFOPLIST_FILE = Virtuoso/Info.plist;
				LD_RUNPATH_SEARCH_PATHS = "$(inherited) @executable_path/Frameworks";
				PRODUCT_BUNDLE_IDENTIFIER = "Directi.$(PRODUCT_NAME:rfc1034identifier)";
				PRODUCT_NAME = "$(TARGET_NAME)";
				PROVISIONING_PROFILE = "";
			};
			name = Release;
		};
		FAD057841BDA1F7F00488444 /* Debug */ = {
			isa = XCBuildConfiguration;
			buildSettings = {
				BUNDLE_LOADER = "$(TEST_HOST)";
				FRAMEWORK_SEARCH_PATHS = (
					"$(SDKROOT)/Developer/Library/Frameworks",
					"$(inherited)",
				);
				GCC_PREPROCESSOR_DEFINITIONS = (
					"DEBUG=1",
					"$(inherited)",
				);
				INFOPLIST_FILE = VirtuosoTests/Info.plist;
				LD_RUNPATH_SEARCH_PATHS = "$(inherited) @executable_path/Frameworks @loader_path/Frameworks";
				PRODUCT_BUNDLE_IDENTIFIER = "Directi.$(PRODUCT_NAME:rfc1034identifier)";
				PRODUCT_NAME = "$(TARGET_NAME)";
				TEST_HOST = "$(BUILT_PRODUCTS_DIR)/Virtuoso.app/Virtuoso";
			};
			name = Debug;
		};
		FAD057851BDA1F7F00488444 /* Release */ = {
			isa = XCBuildConfiguration;
			buildSettings = {
				BUNDLE_LOADER = "$(TEST_HOST)";
				FRAMEWORK_SEARCH_PATHS = (
					"$(SDKROOT)/Developer/Library/Frameworks",
					"$(inherited)",
				);
				INFOPLIST_FILE = VirtuosoTests/Info.plist;
				LD_RUNPATH_SEARCH_PATHS = "$(inherited) @executable_path/Frameworks @loader_path/Frameworks";
				PRODUCT_BUNDLE_IDENTIFIER = "Directi.$(PRODUCT_NAME:rfc1034identifier)";
				PRODUCT_NAME = "$(TARGET_NAME)";
				TEST_HOST = "$(BUILT_PRODUCTS_DIR)/Virtuoso.app/Virtuoso";
			};
			name = Release;
		};
/* End XCBuildConfiguration section */

/* Begin XCConfigurationList section */
		FAD057551BDA1F7F00488444 /* Build configuration list for PBXProject "Virtuoso" */ = {
			isa = XCConfigurationList;
			buildConfigurations = (
				FAD0577E1BDA1F7F00488444 /* Debug */,
				FAD0577F1BDA1F7F00488444 /* Release */,
			);
			defaultConfigurationIsVisible = 0;
			defaultConfigurationName = Release;
		};
		FAD057801BDA1F7F00488444 /* Build configuration list for PBXNativeTarget "Virtuoso" */ = {
			isa = XCConfigurationList;
			buildConfigurations = (
				FAD057811BDA1F7F00488444 /* Debug */,
				FAD057821BDA1F7F00488444 /* Release */,
			);
			defaultConfigurationIsVisible = 0;
			defaultConfigurationName = Release;
		};
		FAD057831BDA1F7F00488444 /* Build configuration list for PBXNativeTarget "VirtuosoTests" */ = {
			isa = XCConfigurationList;
			buildConfigurations = (
				FAD057841BDA1F7F00488444 /* Debug */,
				FAD057851BDA1F7F00488444 /* Release */,
			);
			defaultConfigurationIsVisible = 0;
			defaultConfigurationName = Release;
		};
/* End XCConfigurationList section */

/* Begin XCVersionGroup section */
		FA8A3D771C19A9DA00C1D7F2 /* Model.xcdatamodeld */ = {
			isa = XCVersionGroup;
			children = (
				FA8A3D781C19A9DA00C1D7F2 /* Model.xcdatamodel */,
			);
			currentVersion = FA8A3D781C19A9DA00C1D7F2 /* Model.xcdatamodel */;
			path = Model.xcdatamodeld;
			sourceTree = "<group>";
			versionGroupType = wrapper.xcdatamodel;
		};
		FAD057641BDA1F7F00488444 /* Virtuoso.xcdatamodeld */ = {
			isa = XCVersionGroup;
			children = (
				FAD057651BDA1F7F00488444 /* Virtuoso.xcdatamodel */,
			);
			currentVersion = FAD057651BDA1F7F00488444 /* Virtuoso.xcdatamodel */;
			path = Virtuoso.xcdatamodeld;
			sourceTree = "<group>";
			versionGroupType = wrapper.xcdatamodel;
		};
/* End XCVersionGroup section */
	};
	rootObject = FAD057521BDA1F7F00488444 /* Project object */;
}
